# This file is automatically @generated by Cargo.
# It is not intended for manual editing.
version = 3

[[package]]
name = "as-slice"
version = "0.2.1"
source = "registry+https://github.com/rust-lang/crates.io-index"
checksum = "516b6b4f0e40d50dcda9365d53964ec74560ad4284da2e7fc97122cd83174516"
dependencies = [
 "stable_deref_trait",
]

[[package]]
name = "atomic-polyfill"
version = "1.0.1"
source = "registry+https://github.com/rust-lang/crates.io-index"
checksum = "d299f547288d6db8d5c3a2916f7b2f66134b15b8c1ac1c4357dd3b8752af7bb2"
dependencies = [
 "critical-section",
]

[[package]]
name = "autocfg"
version = "1.1.0"
source = "registry+https://github.com/rust-lang/crates.io-index"
checksum = "d468802bab17cbc0cc575e9b053f41e72aa36bfa6b7f55e3529ffa43161b97fa"

[[package]]
name = "bare-metal"
version = "0.2.5"
source = "registry+https://github.com/rust-lang/crates.io-index"
checksum = "5deb64efa5bd81e31fcd1938615a6d98c82eafcbcd787162b6f63b91d6bac5b3"
dependencies = [
 "rustc_version 0.2.3",
]

[[package]]
name = "bare-metal"
version = "1.0.0"
source = "registry+https://github.com/rust-lang/crates.io-index"
checksum = "f8fe8f5a8a398345e52358e18ff07cc17a568fbca5c6f73873d3a62056309603"

[[package]]
name = "bitfield"
version = "0.13.2"
source = "registry+https://github.com/rust-lang/crates.io-index"
checksum = "46afbd2983a5d5a7bd740ccb198caf5b82f45c40c09c0eed36052d91cb92e719"

[[package]]
name = "cast"
version = "0.2.7"
source = "registry+https://github.com/rust-lang/crates.io-index"
checksum = "4c24dab4283a142afa2fdca129b80ad2c6284e073930f964c3a1293c225ee39a"
dependencies = [
 "rustc_version 0.4.0",
]

[[package]]
name = "cfg-if"
version = "1.0.0"
source = "registry+https://github.com/rust-lang/crates.io-index"
checksum = "baf1de4339761588bc0619e3cbc0120ee582ebb74b53b4efbf79117bd2da40fd"

[[package]]
name = "chrono"
version = "0.4.23"
source = "registry+https://github.com/rust-lang/crates.io-index"
checksum = "16b0a3d9ed01224b22057780a37bb8c5dbfe1be8ba48678e7bf57ec4b385411f"
dependencies = [
 "num-integer",
 "num-traits",
]

[[package]]
name = "cortex-m"
version = "0.7.7"
source = "registry+https://github.com/rust-lang/crates.io-index"
checksum = "8ec610d8f49840a5b376c69663b6369e71f4b34484b9b2eb29fb918d92516cb9"
dependencies = [
 "bare-metal 0.2.5",
 "bitfield",
 "embedded-hal",
 "volatile-register",
]

[[package]]
name = "cortex-m-rt"
version = "0.6.15"
source = "registry+https://github.com/rust-lang/crates.io-index"
checksum = "454f278bf469e2de0a4d22ea019d169d8944f86957c8207a39e3f66c32be2fc6"
dependencies = [
 "cortex-m-rt-macros",
 "r0",
]

[[package]]
name = "cortex-m-rt-macros"
version = "0.6.15"
source = "registry+https://github.com/rust-lang/crates.io-index"
checksum = "c8e3aa52243e26f5922fa522b0814019e0c98fc567e2756d715dce7ad7a81f49"
dependencies = [
 "proc-macro2",
 "quote",
 "syn",
]

[[package]]
name = "critical-section"
version = "1.1.1"
source = "registry+https://github.com/rust-lang/crates.io-index"
checksum = "6548a0ad5d2549e111e1f6a11a6c2e2d00ce6a3dafe22948d67c2b443f775e52"

[[package]]
name = "embedded-hal"
version = "0.2.7"
source = "registry+https://github.com/rust-lang/crates.io-index"
checksum = "35949884794ad573cf46071e41c9b60efb0cb311e3ca01f7af807af1debc66ff"
dependencies = [
 "nb 0.1.3",
 "void",
]

[[package]]
name = "embedded-time"
version = "0.12.1"
source = "registry+https://github.com/rust-lang/crates.io-index"
checksum = "d7a4b4d10ac48d08bfe3db7688c402baadb244721f30a77ce360bd24c3dffe58"
dependencies = [
 "num",
]

[[package]]
name = "fugit"
version = "0.3.6"
source = "registry+https://github.com/rust-lang/crates.io-index"
checksum = "7ab17bb279def6720d058cb6c052249938e7f99260ab534879281a95367a87e5"
dependencies = [
 "gcd",
]

[[package]]
name = "futures-core"
version = "0.3.28"
source = "registry+https://github.com/rust-lang/crates.io-index"
checksum = "4bca583b7e26f571124fe5b7561d49cb2868d79116cfa0eefce955557c6fee8c"

[[package]]
name = "futures-task"
version = "0.3.28"
source = "registry+https://github.com/rust-lang/crates.io-index"
checksum = "76d3d132be6c0e6aa1534069c705a74a5997a356c0dc2f86a47765e5617c5b65"

[[package]]
name = "futures-util"
version = "0.3.28"
source = "registry+https://github.com/rust-lang/crates.io-index"
checksum = "26b01e40b772d54cf6c6d721c1d1abd0647a0106a12ecaa1c186273392a69533"
dependencies = [
 "futures-core",
 "futures-task",
 "pin-project-lite",
 "pin-utils",
]

[[package]]
name = "gcd"
version = "2.3.0"
source = "registry+https://github.com/rust-lang/crates.io-index"
checksum = "1d758ba1b47b00caf47f24925c0074ecb20d6dfcffe7f6d53395c0465674841a"

[[package]]
name = "hashbrown"
version = "0.12.3"
source = "registry+https://github.com/rust-lang/crates.io-index"
checksum = "8a9ee70c43aaf417c914396645a0fa852624801b24ebb7ae78fe8272889ac888"

[[package]]
name = "indexmap"
version = "1.9.2"
source = "registry+https://github.com/rust-lang/crates.io-index"
checksum = "1885e79c1fc4b10f0e172c475f458b7f7b93061064d98c3293e98c5ba0c8b399"
dependencies = [
 "autocfg",
 "hashbrown",
]

[[package]]
name = "nb"
version = "0.1.3"
source = "registry+https://github.com/rust-lang/crates.io-index"
checksum = "801d31da0513b6ec5214e9bf433a77966320625a37860f910be265be6e18d06f"
dependencies = [
 "nb 1.0.0",
]

[[package]]
name = "nb"
version = "1.0.0"
source = "registry+https://github.com/rust-lang/crates.io-index"
checksum = "546c37ac5d9e56f55e73b677106873d9d9f5190605e41a856503623648488cae"

[[package]]
name = "num"
version = "0.3.1"
source = "registry+https://github.com/rust-lang/crates.io-index"
checksum = "8b7a8e9be5e039e2ff869df49155f1c06bd01ade2117ec783e56ab0932b67a8f"
dependencies = [
 "num-complex",
 "num-integer",
 "num-iter",
 "num-rational",
 "num-traits",
]

[[package]]
name = "num-complex"
version = "0.3.1"
source = "registry+https://github.com/rust-lang/crates.io-index"
checksum = "747d632c0c558b87dbabbe6a82f3b4ae03720d0646ac5b7b4dae89394be5f2c5"
dependencies = [
 "num-traits",
]

[[package]]
name = "num-integer"
version = "0.1.45"
source = "registry+https://github.com/rust-lang/crates.io-index"
checksum = "225d3389fb3509a24c93f5c29eb6bde2586b98d9f016636dff58d7c6f7569cd9"
dependencies = [
 "autocfg",
 "num-traits",
]

[[package]]
name = "num-iter"
version = "0.1.43"
source = "registry+https://github.com/rust-lang/crates.io-index"
checksum = "7d03e6c028c5dc5cac6e2dec0efda81fc887605bb3d884578bb6d6bf7514e252"
dependencies = [
 "autocfg",
 "num-integer",
 "num-traits",
]

[[package]]
name = "num-rational"
version = "0.3.2"
source = "registry+https://github.com/rust-lang/crates.io-index"
checksum = "12ac428b1cb17fce6f731001d307d351ec70a6d202fc2e60f7d4c5e42d8f4f07"
dependencies = [
 "autocfg",
 "num-integer",
 "num-traits",
]

[[package]]
name = "num-traits"
version = "0.2.15"
source = "registry+https://github.com/rust-lang/crates.io-index"
checksum = "578ede34cf02f8924ab9447f50c28075b4d3e5b269972345e7e0372b38c6cdcd"
dependencies = [
 "autocfg",
]

[[package]]
name = "panic-rtt-target"
version = "0.1.2"
source = "registry+https://github.com/rust-lang/crates.io-index"
checksum = "0d6ab67bc881453e4c90f958c657c1303670ea87bc1a16e87fd71a40f656dce9"
dependencies = [
 "cortex-m",
 "rtt-target",
]

[[package]]
name = "pin-project-lite"
version = "0.2.9"
source = "registry+https://github.com/rust-lang/crates.io-index"
checksum = "e0a7ae3ac2f1173085d398531c705756c94a4c56843785df85a60c1a0afac116"

[[package]]
name = "pin-utils"
version = "0.1.0"
source = "registry+https://github.com/rust-lang/crates.io-index"
checksum = "8b870d8c151b6f2fb93e84a13146138f05d02ed11c7e7c54f8826aaaf7c9f184"

[[package]]
name = "proc-macro-error"
version = "1.0.4"
source = "registry+https://github.com/rust-lang/crates.io-index"
checksum = "da25490ff9892aab3fcf7c36f08cfb902dd3e71ca0f9f9517bea02a73a5ce38c"
dependencies = [
 "proc-macro-error-attr",
 "proc-macro2",
 "quote",
 "syn",
 "version_check",
]

[[package]]
name = "proc-macro-error-attr"
version = "1.0.4"
source = "registry+https://github.com/rust-lang/crates.io-index"
checksum = "a1be40180e52ecc98ad80b184934baf3d0d29f979574e439af5a55274b35f869"
dependencies = [
 "proc-macro2",
 "quote",
 "version_check",
]

[[package]]
name = "proc-macro2"
version = "1.0.51"
source = "registry+https://github.com/rust-lang/crates.io-index"
checksum = "5d727cae5b39d21da60fa540906919ad737832fe0b1c165da3a34d6548c849d6"
dependencies = [
 "unicode-ident",
]

[[package]]
name = "quote"
version = "1.0.23"
source = "registry+https://github.com/rust-lang/crates.io-index"
checksum = "8856d8364d252a14d474036ea1358d63c9e6965c8e5c1885c18f73d70bff9c7b"
dependencies = [
 "proc-macro2",
]

[[package]]
name = "r0"
version = "0.2.2"
source = "registry+https://github.com/rust-lang/crates.io-index"
checksum = "e2a38df5b15c8d5c7e8654189744d8e396bddc18ad48041a500ce52d6948941f"

[[package]]
name = "rtcc"
version = "0.2.1"
source = "registry+https://github.com/rust-lang/crates.io-index"
checksum = "ef35f9dcbf434a34dcc99b3ebba1c1945d49c70832958e932e83dc63a5273994"
dependencies = [
 "chrono",
]

[[package]]
name = "rtic"
version = "2.0.0-alpha.2"
source = "registry+https://github.com/rust-lang/crates.io-index"
checksum = "d6329eb5608cb1433facf2743418793d5d3cc4e64ca7a9f9351d5c9406fb7410"
dependencies = [
 "atomic-polyfill",
 "bare-metal 1.0.0",
 "cortex-m",
 "critical-section",
 "rtic-core",
 "rtic-macros",
]

[[package]]
name = "rtic-common"
version = "1.0.0-alpha.0"
source = "registry+https://github.com/rust-lang/crates.io-index"
checksum = "e39633693d25d7b93f0e6945a7b0190eb6164725749408f9ada0c2d335a2799f"
dependencies = [
 "critical-section",
]

[[package]]
name = "rtic-core"
version = "1.0.0"
source = "registry+https://github.com/rust-lang/crates.io-index"
checksum = "d9369355b04d06a3780ec0f51ea2d225624db777acbc60abd8ca4832da5c1a42"

[[package]]
name = "rtic-macros"
version = "2.0.0-alpha.2"
source = "registry+https://github.com/rust-lang/crates.io-index"
checksum = "475a86efa17f066baa3a4baabc775267017fb080b6c7f859374c25b54349c94b"
dependencies = [
 "indexmap",
 "proc-macro-error",
 "proc-macro2",
 "quote",
 "syn",
]

[[package]]
name = "rtic-monotonics"
version = "1.0.0-alpha.2"
source = "registry+https://github.com/rust-lang/crates.io-index"
checksum = "4f42b724991de7f6eae871dffe39b9f4729ccc3fff3249f6c3f7dd3ff022ebfb"
dependencies = [
 "atomic-polyfill",
 "cfg-if",
 "cortex-m",
 "fugit",
 "rtic-time",
]

[[package]]
name = "rtic-time"
version = "1.0.0-alpha.1"
source = "registry+https://github.com/rust-lang/crates.io-index"
checksum = "8577ddf098e59f08579245f5943366afa098c1b52c6ed90d028c357c85ef905c"
dependencies = [
 "critical-section",
 "futures-util",
 "rtic-common",
]

[[package]]
name = "rtt-target"
version = "0.3.1"
source = "registry+https://github.com/rust-lang/crates.io-index"
checksum = "065d6058bb1204f51a562a67209e1817cf714759d5cf845aa45c75fa7b0b9d9b"
dependencies = [
 "cortex-m",
 "ufmt-write",
]

[[package]]
name = "rustc_version"
version = "0.2.3"
source = "registry+https://github.com/rust-lang/crates.io-index"
checksum = "138e3e0acb6c9fb258b19b67cb8abd63c00679d2851805ea151465464fe9030a"
dependencies = [
 "semver 0.9.0",
]

[[package]]
name = "rustc_version"
version = "0.4.0"
source = "registry+https://github.com/rust-lang/crates.io-index"
checksum = "bfa0f585226d2e68097d4f95d113b15b83a82e819ab25717ec0590d9584ef366"
dependencies = [
 "semver 1.0.17",
]

[[package]]
name = "semver"
version = "0.9.0"
source = "registry+https://github.com/rust-lang/crates.io-index"
checksum = "1d7eb9ef2c18661902cc47e535f9bc51b78acd254da71d375c2f6720d9a40403"
dependencies = [
 "semver-parser",
]

[[package]]
name = "semver"
version = "1.0.17"
source = "registry+https://github.com/rust-lang/crates.io-index"
checksum = "bebd363326d05ec3e2f532ab7660680f3b02130d780c299bca73469d521bc0ed"

[[package]]
name = "semver-parser"
version = "0.7.0"
source = "registry+https://github.com/rust-lang/crates.io-index"
checksum = "388a1df253eca08550bef6c72392cfe7c30914bf41df5269b68cbd6ff8f570a3"

[[package]]
name = "stable_deref_trait"
version = "1.2.0"
source = "registry+https://github.com/rust-lang/crates.io-index"
checksum = "a8f112729512f8e442d81f95a8a7ddf2b7c6b8a1a6f509a95864142b30cab2d3"

[[package]]
name = "stm32l0"
version = "0.13.0"
source = "registry+https://github.com/rust-lang/crates.io-index"
checksum = "ed7ffdb929148070435dbc4dc69fd62b3a031c0543b4a9d2ec9fc8b31a0f3344"
dependencies = [
 "bare-metal 0.2.5",
 "cortex-m",
 "cortex-m-rt",
 "vcell",
]

[[package]]
name = "stm32l0-blinky"
version = "0.1.0"
dependencies = [
 "embedded-hal",
 "panic-rtt-target",
 "rtic",
 "rtic-monotonics",
 "rtt-target",
 "stm32l0xx-hal",
]

[[package]]
name = "stm32l0xx-hal"
version = "0.9.0"
source = "registry+https://github.com/rust-lang/crates.io-index"
checksum = "9bd65d2811ce25ed07dd51d68bdd7990dcefc2dbc582ada182587d406bdece22"
dependencies = [
 "as-slice",
 "cast",
 "cortex-m",
 "cortex-m-rt",
 "embedded-hal",
 "embedded-time",
 "nb 1.0.0",
 "rtcc",
 "stm32l0",
 "void",
]

[[package]]
name = "syn"
version = "1.0.109"
source = "registry+https://github.com/rust-lang/crates.io-index"
checksum = "72b64191b275b66ffe2469e8af2c1cfe3bafa67b529ead792a6d0160888b4237"
dependencies = [
 "proc-macro2",
 "quote",
 "unicode-ident",
]

[[package]]
name = "ufmt-write"
version = "0.1.0"
source = "registry+https://github.com/rust-lang/crates.io-index"
checksum = "e87a2ed6b42ec5e28cc3b94c09982969e9227600b2e3dcbc1db927a84c06bd69"

[[package]]
name = "unicode-ident"
version = "1.0.8"
source = "registry+https://github.com/rust-lang/crates.io-index"
checksum = "e5464a87b239f13a63a501f2701565754bae92d243d4bb7eb12f6d57d2269bf4"

[[package]]
name = "vcell"
version = "0.1.3"
source = "registry+https://github.com/rust-lang/crates.io-index"
checksum = "77439c1b53d2303b20d9459b1ade71a83c716e3f9c34f3228c00e6f185d6c002"

[[package]]
name = "version_check"
version = "0.9.4"
source = "registry+https://github.com/rust-lang/crates.io-index"
checksum = "49874b5167b65d7193b8aba1567f5c7d93d001cafc34600cee003eda787e483f"

[[package]]
name = "void"
version = "1.0.2"
source = "registry+https://github.com/rust-lang/crates.io-index"
checksum = "6a02e4885ed3bc0f2de90ea6dd45ebcbb66dacffe03547fadbb0eeae2770887d"

[[package]]
name = "volatile-register"
version = "0.2.1"
source = "registry+https://github.com/rust-lang/crates.io-index"
checksum = "9ee8f19f9d74293faf70901bc20ad067dc1ad390d2cbf1e3f75f721ffee908b6"
dependencies = [
 "vcell",
]
